
Microsoft Visual Studio Solution File, Format Version 12.00
# Visual Studio Version 16
VisualStudioVersion = 16.0.30011.22
MinimumVisualStudioVersion = 10.0.40219.1
Project("{2150E333-8FDC-42A3-9474-1A3956D46DE8}") = "src", "src", "{4480B526-CA2A-42B5-AC0D-BC83D760CA61}"
EndProject
Project("{FAE04EC0-301F-11D3-BF4B-00C04F79EFBC}") = "ApplicationCore", "src\ApplicationCore\ApplicationCore.csproj", "{2A5686B5-8A10-4898-9BEA-522B7822E40B}"
EndProject
Project("{FAE04EC0-301F-11D3-BF4B-00C04F79EFBC}") = "Infrastructure", "src\Infrastructure\Infrastructure.csproj", "{C92083AD-BFC4-4393-AFE7-FC053ACF4A06}"
EndProject
Project("{FAE04EC0-301F-11D3-BF4B-00C04F79EFBC}") = "Web", "src\Web\Web.csproj", "{3B1AF064-ADF0-41DF-9BBF-E7C37BBF82A4}"
EndProject
Global
	GlobalSection(SolutionConfigurationPlatforms) = preSolution
		Debug|Any CPU = Debug|Any CPU
		Release|Any CPU = Release|Any CPU
	EndGlobalSection
	GlobalSection(ProjectConfigurationPlatforms) = postSolution
		{2A5686B5-8A10-4898-9BEA-522B7822E40B}.Debug|Any CPU.ActiveCfg = Debug|Any CPU
		{2A5686B5-8A10-4898-9BEA-522B7822E40B}.Debug|Any CPU.Build.0 = Debug|Any CPU
		{2A5686B5-8A10-4898-9BEA-522B7822E40B}.Release|Any CPU.ActiveCfg = Release|Any CPU
		{2A5686B5-8A10-4898-9BEA-522B7822E40B}.Release|Any CPU.Build.0 = Release|Any CPU
		{C92083AD-BFC4-4393-AFE7-FC053ACF4A06}.Debug|Any CPU.ActiveCfg = Debug|Any CPU
		{C92083AD-BFC4-4393-AFE7-FC053ACF4A06}.Debug|Any CPU.Build.0 = Debug|Any CPU
		{C92083AD-BFC4-4393-AFE7-FC053ACF4A06}.Release|Any CPU.ActiveCfg = Release|Any CPU
		{C92083AD-BFC4-4393-AFE7-FC053ACF4A06}.Release|Any CPU.Build.0 = Release|Any CPU
		{3B1AF064-ADF0-41DF-9BBF-E7C37BBF82A4}.Debug|Any CPU.ActiveCfg = Debug|Any CPU
		{3B1AF064-ADF0-41DF-9BBF-E7C37BBF82A4}.Debug|Any CPU.Build.0 = Debug|Any CPU
		{3B1AF064-ADF0-41DF-9BBF-E7C37BBF82A4}.Release|Any CPU.ActiveCfg = Release|Any CPU
		{3B1AF064-ADF0-41DF-9BBF-E7C37BBF82A4}.Release|Any CPU.Build.0 = Release|Any CPU
	EndGlobalSection
	GlobalSection(SolutionProperties) = preSolution
		HideSolutionNode = FALSE
	EndGlobalSection
	GlobalSection(NestedProjects) = preSolution
		{2A5686B5-8A10-4898-9BEA-522B7822E40B} = {4480B526-CA2A-42B5-AC0D-BC83D760CA61}
		{C92083AD-BFC4-4393-AFE7-FC053ACF4A06} = {4480B526-CA2A-42B5-AC0D-BC83D760CA61}
		{3B1AF064-ADF0-41DF-9BBF-E7C37BBF82A4} = {4480B526-CA2A-42B5-AC0D-BC83D760CA61}
	EndGlobalSection
	GlobalSection(ExtensibilityGlobals) = postSolution
		SolutionGuid = {42414656-5FF6-4CF2-AC0E-02A514AD703E}
	EndGlobalSection
EndGlobal
